
Microsoft Visual Studio Solution File, Format Version 12.00
# Visual Studio 15
VisualStudioVersion = 15.0.26730.16
MinimumVisualStudioVersion = 10.0.40219.1
Project("{9A19103F-16F7-4668-BE54-9A1E7A4F7556}") = "X12Parser", "src\OopFactory.X12Parser\X12Parser.csproj", "{60207668-13FA-472C-B55D-B84884421A8E}"
EndProject
Project("{FAE04EC0-301F-11D3-BF4B-00C04F79EFBC}") = "X12", "src\OopFactory.X12\X12.csproj", "{FA1553C8-29CC-4EE1-B1B6-9BDF7D58684D}"
EndProject
Project("{2150E333-8FDC-42A3-9474-1A3956D46DE8}") = "Libraries", "Libraries", "{0CD5420B-7599-4E83-B9F2-F718DE3490EF}"
EndProject
Project("{9A19103F-16F7-4668-BE54-9A1E7A4F7556}") = "X12.Hipaa", "src\OopFactory.X12.Hipaa\X12.Hipaa.csproj", "{97F69D63-F5FE-4363-8B53-2FDF9B484A3D}"
EndProject
Project("{FAE04EC0-301F-11D3-BF4B-00C04F79EFBC}") = "X12.Sql", "src\OopFactory.X12.Sql\X12.Sql.csproj", "{FA29FFD4-B8D2-44EE-A04B-624F204E7D41}"
EndProject
Project("{FAE04EC0-301F-11D3-BF4B-00C04F79EFBC}") = "X12.Validation", "src\OopFactory.X12.Validation\X12.Validation.csproj", "{15A91B46-6006-4AA9-935F-F6A82ED1A3D4}"
EndProject
Project("{2150E333-8FDC-42A3-9474-1A3956D46DE8}") = "Tests", "Tests", "{D418F30F-B7A4-4EA9-8B18-A36C0CB6CCB6}"
EndProject
Project("{FAE04EC0-301F-11D3-BF4B-00C04F79EFBC}") = "OopFactory.X12.Tests.Unit", "tests\OopFactory.X12.Tests.Unit\OopFactory.X12.Tests.Unit.csproj", "{CE09ACD3-898F-467D-BA43-3FDF181A51AE}"
EndProject
Project("{FAE04EC0-301F-11D3-BF4B-00C04F79EFBC}") = "OopFactory.X12.Tests.Integration", "tests\OopFactory.X12.Tests.Integration\OopFactory.X12.Tests.Integration.csproj", "{66441684-A8F7-4C9F-AB0F-5F9448352EF1}"
EndProject
Project("{FAE04EC0-301F-11D3-BF4B-00C04F79EFBC}") = "OopFactory.X12.Hipaa.Tests.Unit", "tests\OopFactory.X12.Hipaa.Tests.Unit\OopFactory.X12.Hipaa.Tests.Unit.csproj", "{8FB2C5B0-C09A-4F83-B2FC-66062E429AD2}"
EndProject
Project("{F184B08F-C81C-45F6-A57F-5ABD9991F28F}") = "OopFactory.X12.Tests.Unit.VisualBasic", "tests\OopFactory.X12.Tests.Unit.VisualBasic\OopFactory.X12.Tests.Unit.VisualBasic.vbproj", "{D44F9AA9-2B3D-4512-A061-EE0EDCCFA392}"
EndProject
Project("{FAE04EC0-301F-11D3-BF4B-00C04F79EFBC}") = "OopFactory.X12.Validation.Tests.Unit", "tests\OopFactory.X12.Validation.Tests.Unit\OopFactory.X12.Validation.Tests.Unit.csproj", "{9A5654D7-0DF6-448C-A803-41F6AE62E175}"
EndProject
Project("{FAE04EC0-301F-11D3-BF4B-00C04F79EFBC}") = "X12.AcknowledgeX12", "src\OopFactory.X12.AcknowledgeX12\X12.AcknowledgeX12.csproj", "{DF983501-CDBC-4856-935C-47E582C9E707}"
EndProject
Project("{FAE04EC0-301F-11D3-BF4B-00C04F79EFBC}") = "X12.Hipaa.ClaimParser", "src\OopFactory.X12.Hipaa.ClaimParser\X12.Hipaa.ClaimParser.csproj", "{92F2CFB6-9F55-454D-8C38-1F4D270AB804}"
EndProject
Project("{FAE04EC0-301F-11D3-BF4B-00C04F79EFBC}") = "X12.ImportX12", "src\OopFactory.X12.ImportX12\X12.ImportX12.csproj", "{8CB841BA-E5F2-4D4A-9C7B-75A4931A0C16}"
EndProject
Project("{FAE04EC0-301F-11D3-BF4B-00C04F79EFBC}") = "X12.TransformToX12", "src\OopFactory.X12.TransformToX12\X12.TransformToX12.csproj", "{318FF9AF-9F46-4DB2-A3A3-102D1D846A44}"
EndProject
Project("{FAE04EC0-301F-11D3-BF4B-00C04F79EFBC}") = "X12.UnbundleX12", "src\OopFactory.X12.UnbundleX12\X12.UnbundleX12.csproj", "{EE68531E-6498-4D67-BBB3-063512B3ADDA}"
EndProject
Global
	GlobalSection(SolutionConfigurationPlatforms) = preSolution
		Debug|Any CPU = Debug|Any CPU
		Release|Any CPU = Release|Any CPU
	EndGlobalSection
	GlobalSection(ProjectConfigurationPlatforms) = postSolution
		{60207668-13FA-472C-B55D-B84884421A8E}.Debug|Any CPU.ActiveCfg = Debug|Any CPU
		{60207668-13FA-472C-B55D-B84884421A8E}.Debug|Any CPU.Build.0 = Debug|Any CPU
		{60207668-13FA-472C-B55D-B84884421A8E}.Release|Any CPU.ActiveCfg = Release|Any CPU
		{60207668-13FA-472C-B55D-B84884421A8E}.Release|Any CPU.Build.0 = Release|Any CPU
		{FA1553C8-29CC-4EE1-B1B6-9BDF7D58684D}.Debug|Any CPU.ActiveCfg = Debug|Any CPU
		{FA1553C8-29CC-4EE1-B1B6-9BDF7D58684D}.Debug|Any CPU.Build.0 = Debug|Any CPU
		{FA1553C8-29CC-4EE1-B1B6-9BDF7D58684D}.Release|Any CPU.ActiveCfg = Release|Any CPU
		{FA1553C8-29CC-4EE1-B1B6-9BDF7D58684D}.Release|Any CPU.Build.0 = Release|Any CPU
		{97F69D63-F5FE-4363-8B53-2FDF9B484A3D}.Debug|Any CPU.ActiveCfg = Debug|Any CPU
		{97F69D63-F5FE-4363-8B53-2FDF9B484A3D}.Debug|Any CPU.Build.0 = Debug|Any CPU
		{97F69D63-F5FE-4363-8B53-2FDF9B484A3D}.Release|Any CPU.ActiveCfg = Release|Any CPU
		{97F69D63-F5FE-4363-8B53-2FDF9B484A3D}.Release|Any CPU.Build.0 = Release|Any CPU
		{FA29FFD4-B8D2-44EE-A04B-624F204E7D41}.Debug|Any CPU.ActiveCfg = Debug|Any CPU
		{FA29FFD4-B8D2-44EE-A04B-624F204E7D41}.Debug|Any CPU.Build.0 = Debug|Any CPU
		{FA29FFD4-B8D2-44EE-A04B-624F204E7D41}.Release|Any CPU.ActiveCfg = Release|Any CPU
		{FA29FFD4-B8D2-44EE-A04B-624F204E7D41}.Release|Any CPU.Build.0 = Release|Any CPU
		{15A91B46-6006-4AA9-935F-F6A82ED1A3D4}.Debug|Any CPU.ActiveCfg = Debug|Any CPU
		{15A91B46-6006-4AA9-935F-F6A82ED1A3D4}.Debug|Any CPU.Build.0 = Debug|Any CPU
		{15A91B46-6006-4AA9-935F-F6A82ED1A3D4}.Release|Any CPU.ActiveCfg = Release|Any CPU
		{15A91B46-6006-4AA9-935F-F6A82ED1A3D4}.Release|Any CPU.Build.0 = Release|Any CPU
		{CE09ACD3-898F-467D-BA43-3FDF181A51AE}.Debug|Any CPU.ActiveCfg = Debug|Any CPU
		{CE09ACD3-898F-467D-BA43-3FDF181A51AE}.Debug|Any CPU.Build.0 = Debug|Any CPU
		{CE09ACD3-898F-467D-BA43-3FDF181A51AE}.Release|Any CPU.ActiveCfg = Release|Any CPU
		{CE09ACD3-898F-467D-BA43-3FDF181A51AE}.Release|Any CPU.Build.0 = Release|Any CPU
		{66441684-A8F7-4C9F-AB0F-5F9448352EF1}.Debug|Any CPU.ActiveCfg = Debug|Any CPU
		{66441684-A8F7-4C9F-AB0F-5F9448352EF1}.Debug|Any CPU.Build.0 = Debug|Any CPU
		{66441684-A8F7-4C9F-AB0F-5F9448352EF1}.Release|Any CPU.ActiveCfg = Release|Any CPU
		{66441684-A8F7-4C9F-AB0F-5F9448352EF1}.Release|Any CPU.Build.0 = Release|Any CPU
		{8FB2C5B0-C09A-4F83-B2FC-66062E429AD2}.Debug|Any CPU.ActiveCfg = Debug|Any CPU
		{8FB2C5B0-C09A-4F83-B2FC-66062E429AD2}.Debug|Any CPU.Build.0 = Debug|Any CPU
		{8FB2C5B0-C09A-4F83-B2FC-66062E429AD2}.Release|Any CPU.ActiveCfg = Release|Any CPU
		{8FB2C5B0-C09A-4F83-B2FC-66062E429AD2}.Release|Any CPU.Build.0 = Release|Any CPU
		{D44F9AA9-2B3D-4512-A061-EE0EDCCFA392}.Debug|Any CPU.ActiveCfg = Debug|Any CPU
		{D44F9AA9-2B3D-4512-A061-EE0EDCCFA392}.Debug|Any CPU.Build.0 = Debug|Any CPU
		{D44F9AA9-2B3D-4512-A061-EE0EDCCFA392}.Release|Any CPU.ActiveCfg = Release|Any CPU
		{D44F9AA9-2B3D-4512-A061-EE0EDCCFA392}.Release|Any CPU.Build.0 = Release|Any CPU
		{9A5654D7-0DF6-448C-A803-41F6AE62E175}.Debug|Any CPU.ActiveCfg = Debug|Any CPU
		{9A5654D7-0DF6-448C-A803-41F6AE62E175}.Debug|Any CPU.Build.0 = Debug|Any CPU
		{9A5654D7-0DF6-448C-A803-41F6AE62E175}.Release|Any CPU.ActiveCfg = Release|Any CPU
		{9A5654D7-0DF6-448C-A803-41F6AE62E175}.Release|Any CPU.Build.0 = Release|Any CPU
		{DF983501-CDBC-4856-935C-47E582C9E707}.Debug|Any CPU.ActiveCfg = Debug|Any CPU
		{DF983501-CDBC-4856-935C-47E582C9E707}.Debug|Any CPU.Build.0 = Debug|Any CPU
		{DF983501-CDBC-4856-935C-47E582C9E707}.Release|Any CPU.ActiveCfg = Release|Any CPU
		{DF983501-CDBC-4856-935C-47E582C9E707}.Release|Any CPU.Build.0 = Release|Any CPU
		{92F2CFB6-9F55-454D-8C38-1F4D270AB804}.Debug|Any CPU.ActiveCfg = Debug|Any CPU
		{92F2CFB6-9F55-454D-8C38-1F4D270AB804}.Debug|Any CPU.Build.0 = Debug|Any CPU
		{92F2CFB6-9F55-454D-8C38-1F4D270AB804}.Release|Any CPU.ActiveCfg = Release|Any CPU
		{92F2CFB6-9F55-454D-8C38-1F4D270AB804}.Release|Any CPU.Build.0 = Release|Any CPU
		{8CB841BA-E5F2-4D4A-9C7B-75A4931A0C16}.Debug|Any CPU.ActiveCfg = Debug|Any CPU
		{8CB841BA-E5F2-4D4A-9C7B-75A4931A0C16}.Debug|Any CPU.Build.0 = Debug|Any CPU
		{8CB841BA-E5F2-4D4A-9C7B-75A4931A0C16}.Release|Any CPU.ActiveCfg = Release|Any CPU
		{8CB841BA-E5F2-4D4A-9C7B-75A4931A0C16}.Release|Any CPU.Build.0 = Release|Any CPU
		{318FF9AF-9F46-4DB2-A3A3-102D1D846A44}.Debug|Any CPU.ActiveCfg = Debug|Any CPU
		{318FF9AF-9F46-4DB2-A3A3-102D1D846A44}.Debug|Any CPU.Build.0 = Debug|Any CPU
		{318FF9AF-9F46-4DB2-A3A3-102D1D846A44}.Release|Any CPU.ActiveCfg = Release|Any CPU
		{318FF9AF-9F46-4DB2-A3A3-102D1D846A44}.Release|Any CPU.Build.0 = Release|Any CPU
		{EE68531E-6498-4D67-BBB3-063512B3ADDA}.Debug|Any CPU.ActiveCfg = Debug|Any CPU
		{EE68531E-6498-4D67-BBB3-063512B3ADDA}.Debug|Any CPU.Build.0 = Debug|Any CPU
		{EE68531E-6498-4D67-BBB3-063512B3ADDA}.Release|Any CPU.ActiveCfg = Release|Any CPU
		{EE68531E-6498-4D67-BBB3-063512B3ADDA}.Release|Any CPU.Build.0 = Release|Any CPU
	EndGlobalSection
	GlobalSection(SolutionProperties) = preSolution
		HideSolutionNode = FALSE
	EndGlobalSection
	GlobalSection(NestedProjects) = preSolution
		{FA1553C8-29CC-4EE1-B1B6-9BDF7D58684D} = {0CD5420B-7599-4E83-B9F2-F718DE3490EF}
		{97F69D63-F5FE-4363-8B53-2FDF9B484A3D} = {0CD5420B-7599-4E83-B9F2-F718DE3490EF}
		{FA29FFD4-B8D2-44EE-A04B-624F204E7D41} = {0CD5420B-7599-4E83-B9F2-F718DE3490EF}
		{15A91B46-6006-4AA9-935F-F6A82ED1A3D4} = {0CD5420B-7599-4E83-B9F2-F718DE3490EF}
		{CE09ACD3-898F-467D-BA43-3FDF181A51AE} = {D418F30F-B7A4-4EA9-8B18-A36C0CB6CCB6}
		{66441684-A8F7-4C9F-AB0F-5F9448352EF1} = {D418F30F-B7A4-4EA9-8B18-A36C0CB6CCB6}
		{8FB2C5B0-C09A-4F83-B2FC-66062E429AD2} = {D418F30F-B7A4-4EA9-8B18-A36C0CB6CCB6}
		{D44F9AA9-2B3D-4512-A061-EE0EDCCFA392} = {D418F30F-B7A4-4EA9-8B18-A36C0CB6CCB6}
		{9A5654D7-0DF6-448C-A803-41F6AE62E175} = {D418F30F-B7A4-4EA9-8B18-A36C0CB6CCB6}
	EndGlobalSection
	GlobalSection(ExtensibilityGlobals) = postSolution
		SolutionGuid = {7C619059-1804-492F-9363-75FA2FD144F2}
	EndGlobalSection
EndGlobal
